
Microsoft Visual Studio Solution File, Format Version 12.00
# Visual Studio Version 16
VisualStudioVersion = 16.0.29424.173
MinimumVisualStudioVersion = 10.0.40219.1
Project("{FAE04EC0-301F-11D3-BF4B-00C04F79EFBC}") = "BuddyPals", "BuddyPals\BuddyPals.csproj", "{70F971AA-D959-41D0-8E42-F6BE6CF5746E}"
EndProject
Global
	GlobalSection(SolutionConfigurationPlatforms) = preSolution
		Debug|Any CPU = Debug|Any CPU
		Release|Any CPU = Release|Any CPU
	EndGlobalSection
	GlobalSection(ProjectConfigurationPlatforms) = postSolution
		{70F971AA-D959-41D0-8E42-F6BE6CF5746E}.Debug|Any CPU.ActiveCfg = Debug|Any CPU
		{70F971AA-D959-41D0-8E42-F6BE6CF5746E}.Debug|Any CPU.Build.0 = Debug|Any CPU
		{70F971AA-D959-41D0-8E42-F6BE6CF5746E}.Release|Any CPU.ActiveCfg = Release|Any CPU
		{70F971AA-D959-41D0-8E42-F6BE6CF5746E}.Release|Any CPU.Build.0 = Release|Any CPU
	EndGlobalSection
	GlobalSection(SolutionProperties) = preSolution
		HideSolutionNode = FALSE
	EndGlobalSection
	GlobalSection(ExtensibilityGlobals) = postSolution
		SolutionGuid = {F5709801-5CB7-4C56-85B6-BC55AEA16FE9}
	EndGlobalSection
EndGlobal
